
Microsoft Visual Studio Solution File, Format Version 12.00
# Visual Studio Version 18
VisualStudioVersion = 18.0.11205.157
MinimumVisualStudioVersion = 10.0.40219.1
Project("{FAE04EC0-301F-11D3-BF4B-00C04F79EFBC}") = "SortingAlgorithm", "SortingAlgorithm\SortingAlgorithm.csproj", "{7690F565-BC64-422B-A30B-A7C2D3433E84}"
EndProject
Project("{FAE04EC0-301F-11D3-BF4B-00C04F79EFBC}") = "Generics", "Generics\Generics.csproj", "{24F8D77C-E7F0-4D80-B9E5-0D3B9C27AF2D}"
EndProject
Project("{FAE04EC0-301F-11D3-BF4B-00C04F79EFBC}") = "AdvanceMethodsUsage", "AdvanceMethodsUsage\AdvanceMethodsUsage.csproj", "{38086F43-1352-4585-AE04-737512F3334C}"
EndProject
Global
	GlobalSection(SolutionConfigurationPlatforms) = preSolution
		Debug|Any CPU = Debug|Any CPU
		Release|Any CPU = Release|Any CPU
	EndGlobalSection
	GlobalSection(ProjectConfigurationPlatforms) = postSolution
		{7690F565-BC64-422B-A30B-A7C2D3433E84}.Debug|Any CPU.ActiveCfg = Debug|Any CPU
		{7690F565-BC64-422B-A30B-A7C2D3433E84}.Debug|Any CPU.Build.0 = Debug|Any CPU
		{7690F565-BC64-422B-A30B-A7C2D3433E84}.Release|Any CPU.ActiveCfg = Release|Any CPU
		{7690F565-BC64-422B-A30B-A7C2D3433E84}.Release|Any CPU.Build.0 = Release|Any CPU
		{24F8D77C-E7F0-4D80-B9E5-0D3B9C27AF2D}.Debug|Any CPU.ActiveCfg = Debug|Any CPU
		{24F8D77C-E7F0-4D80-B9E5-0D3B9C27AF2D}.Debug|Any CPU.Build.0 = Debug|Any CPU
		{24F8D77C-E7F0-4D80-B9E5-0D3B9C27AF2D}.Release|Any CPU.ActiveCfg = Release|Any CPU
		{24F8D77C-E7F0-4D80-B9E5-0D3B9C27AF2D}.Release|Any CPU.Build.0 = Release|Any CPU
		{38086F43-1352-4585-AE04-737512F3334C}.Debug|Any CPU.ActiveCfg = Debug|Any CPU
		{38086F43-1352-4585-AE04-737512F3334C}.Debug|Any CPU.Build.0 = Debug|Any CPU
		{38086F43-1352-4585-AE04-737512F3334C}.Release|Any CPU.ActiveCfg = Release|Any CPU
		{38086F43-1352-4585-AE04-737512F3334C}.Release|Any CPU.Build.0 = Release|Any CPU
	EndGlobalSection
	GlobalSection(SolutionProperties) = preSolution
		HideSolutionNode = FALSE
	EndGlobalSection
	GlobalSection(ExtensibilityGlobals) = postSolution
		SolutionGuid = {FA2D343A-15E3-4083-B138-1560F2B16AE0}
	EndGlobalSection
EndGlobal
